<?xml version="1.0" encoding="UTF-8" standalone="yes" ?>
<CodeBlocks_project_file>
	<FileVersion major="1" minor="6" />
	<Project>
		<Option title="NBLM" />
		<Option pch_mode="2" />
		<Option compiler="gcc" />
		<Build>
			<Target title="Debug">
				<Option output="bin/Debug/NBLM" prefix_auto="1" extension_auto="1" />
				<Option object_output="obj/Debug/" />
				<Option type="1" />
				<Option compiler="gcc" />
				<Compiler>
					<Add option="-Og" />
					<Add option="-g" />
				</Compiler>
			</Target>
			<Target title="Release">
				<Option output="bin/Release/NBLM" prefix_auto="1" extension_auto="1" />
				<Option object_output="obj/Release/" />
				<Option type="1" />
				<Option compiler="gcc" />
				<Compiler>
					<Add option="-O2" />
				</Compiler>
				<Linker>
					<Add option="-s" />
				</Linker>
			</Target>
		</Build>
		<Compiler>
			<Add option="-Wall" />
		</Compiler>
		<Unit filename="src/audio_def.hpp" />
		<Unit filename="src/chip_misc.hpp" />
		<Unit filename="src/main.cpp" />
		<Unit filename="src/mame/2610intf.c">
			<Option compilerVar="CC" />
		</Unit>
		<Unit filename="src/mame/2610intf.h" />
		<Unit filename="src/mame/ay8910.c">
			<Option compilerVar="CC" />
		</Unit>
		<Unit filename="src/mame/ay8910.h" />
		<Unit filename="src/mame/emu2149.c">
			<Option compilerVar="CC" />
		</Unit>
		<Unit filename="src/mame/emu2149.h" />
		<Unit filename="src/mame/emutypes.h" />
		<Unit filename="src/mame/fm.c">
			<Option compilerVar="CC" />
		</Unit>
		<Unit filename="src/mame/fm.h" />
		<Unit filename="src/mame/mamedef.h" />
		<Unit filename="src/mame/ymdeltat.c">
			<Option compilerVar="CC" />
		</Unit>
		<Unit filename="src/mame/ymdeltat.h" />
		<Unit filename="src/opnb.cpp" />
		<Unit filename="src/opnb.hpp" />
		<Unit filename="src/resampler.cpp" />
		<Unit filename="src/resampler.hpp" />
		<Extensions />
	</Project>
</CodeBlocks_project_file>
